
Microsoft Visual Studio Solution File, Format Version 12.00
# Visual Studio Version 17
VisualStudioVersion = 17.8.34525.116
MinimumVisualStudioVersion = 10.0.40219.1
Project("{9A19103F-16F7-4668-BE54-9A1E7A4F7556}") = "AppWeb1", "AppWeb1.csproj", "{19AA9B2A-B08F-49EF-BFD8-127220F88CE8}"
EndProject
Project("{9A19103F-16F7-4668-BE54-9A1E7A4F7556}") = "DBweb", "..\DBweb\DBweb.csproj", "{31E73D60-0627-4852-BC2C-CACBFFEF6075}"
EndProject
Project("{FAE04EC0-301F-11D3-BF4B-00C04F79EFBC}") = "Controlli", "..\Controlli\Controlli\Controlli.csproj", "{B73827D0-F11F-4F3E-BEDA-2309FD739F70}"
EndProject
Global
	GlobalSection(SolutionConfigurationPlatforms) = preSolution
		Debug|Any CPU = Debug|Any CPU
		Release|Any CPU = Release|Any CPU
	EndGlobalSection
	GlobalSection(ProjectConfigurationPlatforms) = postSolution
		{19AA9B2A-B08F-49EF-BFD8-127220F88CE8}.Debug|Any CPU.ActiveCfg = Debug|Any CPU
		{19AA9B2A-B08F-49EF-BFD8-127220F88CE8}.Debug|Any CPU.Build.0 = Debug|Any CPU
		{19AA9B2A-B08F-49EF-BFD8-127220F88CE8}.Release|Any CPU.ActiveCfg = Release|Any CPU
		{19AA9B2A-B08F-49EF-BFD8-127220F88CE8}.Release|Any CPU.Build.0 = Release|Any CPU
		{31E73D60-0627-4852-BC2C-CACBFFEF6075}.Debug|Any CPU.ActiveCfg = Debug|Any CPU
		{31E73D60-0627-4852-BC2C-CACBFFEF6075}.Debug|Any CPU.Build.0 = Debug|Any CPU
		{31E73D60-0627-4852-BC2C-CACBFFEF6075}.Release|Any CPU.ActiveCfg = Release|Any CPU
		{31E73D60-0627-4852-BC2C-CACBFFEF6075}.Release|Any CPU.Build.0 = Release|Any CPU
		{B73827D0-F11F-4F3E-BEDA-2309FD739F70}.Debug|Any CPU.ActiveCfg = Debug|Any CPU
		{B73827D0-F11F-4F3E-BEDA-2309FD739F70}.Debug|Any CPU.Build.0 = Debug|Any CPU
		{B73827D0-F11F-4F3E-BEDA-2309FD739F70}.Release|Any CPU.ActiveCfg = Release|Any CPU
		{B73827D0-F11F-4F3E-BEDA-2309FD739F70}.Release|Any CPU.Build.0 = Release|Any CPU
	EndGlobalSection
	GlobalSection(SolutionProperties) = preSolution
		HideSolutionNode = FALSE
	EndGlobalSection
	GlobalSection(ExtensibilityGlobals) = postSolution
		SolutionGuid = {88F8B5C5-6134-4343-87FA-4A5F65812FC4}
	EndGlobalSection
EndGlobal
